<?xml version="1.0"?>
<!DOCTYPE Code::Blocks_project_file>
<Code::Blocks_project_file>
	<FileVersion major="1" minor="1"/>
	<Project>
		<Option title="QHOCR"/>
		<Option makefile="Makefile"/>
		<Option makefile_is_custom="1"/>
		<Option compiler="5"/>
		<Build>
			<Target title="all">
				<Option output="bin\qhocr.exe"/>
				<Option working_dir="bin"/>
				<Option object_output="src\.tmp"/>
				<Option deps_output="src\.tmp"/>
				<Option external_deps=""/>
				<Option type="0"/>
				<Option compiler="5"/>
				<Option projectResourceIncludeDirsRelation="0"/>
				<Compiler>
					<Add directory="$QTDIR\include"/>
					<Add directory="$QTDIR\include\Qt"/>
					<Add directory="$QTDIR\include\Qt\ActiveQt"/>
					<Add directory="$QTDIR\include\Qt\Qt3Support"/>
					<Add directory="$QTDIR\include\Qt\QtAssistant"/>
					<Add directory="$QTDIR\include\Qt\QtCore"/>
					<Add directory="$QTDIR\include\Qt\QtDesigner"/>
					<Add directory="$QTDIR\include\Qt\QtGui"/>
					<Add directory="$QTDIR\include\Qt\QtMotif"/>
					<Add directory="$QTDIR\include\Qt\QtNetwork"/>
					<Add directory="$QTDIR\include\Qt\QtNsPlugin"/>
					<Add directory="$QTDIR\include\Qt\QtOpenGL"/>
					<Add directory="$QTDIR\include\Qt\QtSql"/>
					<Add directory="$QTDIR\include\Qt\QtXml"/>
				</Compiler>
				<Linker>
					<Add library="libQt3Support4.a"/>
					<Add library="libQtAssistantClient.a"/>
					<Add library="libQtCore4.a"/>
					<Add library="libQtDesigner4.a"/>
					<Add library="libQtDesignerComponents4.a"/>
					<Add library="libQtGui4.a"/>
					<Add library="libqtmain.a"/>
					<Add library="libQtNetwork4.a"/>
					<Add library="libQtOpenGl4.a"/>
					<Add library="libQtSql4.a"/>
					<Add library="libQtXml4.a"/>
					<Add directory="$QTDIR\lib"/>
				</Linker>
				<ExtraCommands>
					<Mode before="always" />
					<Add before="qmake"/>
				</ExtraCommands>
			</Target>
			<Environment>
				<Variable name="QTDIR" value="C:\Qt\4.0.0"/>
			</Environment>
		</Build>
		<Compiler>
			<Add option="-O1"/>
		</Compiler>
		<Unit filename="src\hocr\consts.h">
			<Option compilerVar=""/>
			<Option compile="0"/>
			<Option link="0"/>
			<Option target="all"/>
		</Unit>
		<Unit filename="src\hocr\font_layout.c">
			<Option compilerVar="CC"/>
			<Option target="all"/>
		</Unit>
		<Unit filename="src\hocr\font_layout.h">
			<Option compilerVar=""/>
			<Option compile="0"/>
			<Option link="0"/>
			<Option target="all"/>
		</Unit>
		<Unit filename="src\hocr\font_markers.c">
			<Option compilerVar="CC"/>
			<Option target="all"/>
		</Unit>
		<Unit filename="src\hocr\font_markers.h">
			<Option compilerVar=""/>
			<Option compile="0"/>
			<Option link="0"/>
			<Option target="all"/>
		</Unit>
		<Unit filename="src\hocr\hocr.c">
			<Option compilerVar="CC"/>
			<Option target="all"/>
		</Unit>
		<Unit filename="src\hocr\hocr.h">
			<Option compilerVar=""/>
			<Option compile="0"/>
			<Option link="0"/>
			<Option target="all"/>
		</Unit>
		<Unit filename="src\hocr\page_layout.c">
			<Option compilerVar="CC"/>
			<Option target="all"/>
		</Unit>
		<Unit filename="src\hocr\page_layout.h">
			<Option compilerVar=""/>
			<Option compile="0"/>
			<Option link="0"/>
			<Option target="all"/>
		</Unit>
		<Unit filename="src\main.cpp">
			<Option compilerVar="CPP"/>
			<Option target="all"/>
		</Unit>
		<Unit filename="src\mainwindow.cpp">
			<Option compilerVar="CPP"/>
			<Option target="all"/>
		</Unit>
		<Unit filename="src\mainwindow.h">
			<Option compilerVar=""/>
			<Option compile="0"/>
			<Option link="0"/>
			<Option target="all"/>
		</Unit>
		<Unit filename="src\pixmapviewer.cpp">
			<Option compilerVar="CPP"/>
			<Option target="all"/>
		</Unit>
		<Unit filename="src\pixmapviewer.h">
			<Option compilerVar=""/>
			<Option compile="0"/>
			<Option link="0"/>
			<Option target="all"/>
		</Unit>
	</Project>
</Code::Blocks_project_file>
